
Microsoft Visual Studio Solution File, Format Version 12.00
# Visual Studio Version 17
VisualStudioVersion = 17.11.35312.102
MinimumVisualStudioVersion = 10.0.40219.1
Project("{FAE04EC0-301F-11D3-BF4B-00C04F79EFBC}") = "AssignmentDemoCustomer", "AssignmentDemoCustomer\AssignmentDemoCustomer.csproj", "{E1810A55-FDD6-4955-8250-43C9D78ED8B5}"
EndProject
Global
	GlobalSection(SolutionConfigurationPlatforms) = preSolution
		Debug|Any CPU = Debug|Any CPU
		Release|Any CPU = Release|Any CPU
	EndGlobalSection
	GlobalSection(ProjectConfigurationPlatforms) = postSolution
		{E1810A55-FDD6-4955-8250-43C9D78ED8B5}.Debug|Any CPU.ActiveCfg = Debug|Any CPU
		{E1810A55-FDD6-4955-8250-43C9D78ED8B5}.Debug|Any CPU.Build.0 = Debug|Any CPU
		{E1810A55-FDD6-4955-8250-43C9D78ED8B5}.Release|Any CPU.ActiveCfg = Release|Any CPU
		{E1810A55-FDD6-4955-8250-43C9D78ED8B5}.Release|Any CPU.Build.0 = Release|Any CPU
	EndGlobalSection
	GlobalSection(SolutionProperties) = preSolution
		HideSolutionNode = FALSE
	EndGlobalSection
	GlobalSection(ExtensibilityGlobals) = postSolution
		SolutionGuid = {4C42E2DD-CDE2-4D1B-9FE3-F87525BD84E2}
	EndGlobalSection
EndGlobal
